{
    "_meta": {
        "hash": {
            "sha256": "0539f565fc2183dbd3979d13f4647b26d5f312df7cbd603e26ca7ac706ef5eb5"
        },
        "pipfile-spec": 6,
        "requires": {
            "python_version": "3.8"
        },
        "sources": [
            {
                "name": "pypi",
                "url": "https://pypi.org/simple",
                "verify_ssl": true
            }
        ]
    },
    "default": {
        "pyplaysc": {
            "editable": true,
            "git": "file:///F:/Dev/Python/my_pckg/pyplaysc",
            "ref": "9406577f56e7c16ab03ef983736842eb14c90067\nwarning: refname 'HEAD' is ambiguous."
        }
    },
    "develop": {}
}
